// !$*UTF8*$!
{
	archiveVersion = 1;
	classes = {
	};
	objectVersion = 50;
	objects = {

/* Begin PBXBuildFile section */
		E70BC2FD24BD50120084E8FC /* HomeTabbarController.swift in Sources */ = {isa = PBXBuildFile; fileRef = E70BC2FC24BD50120084E8FC /* HomeTabbarController.swift */; };
		E760B6D4249D7649003BC47E /* AppDelegate.swift in Sources */ = {isa = PBXBuildFile; fileRef = E760B6D3249D7649003BC47E /* AppDelegate.swift */; };
		E760B6D6249D7649003BC47E /* SceneDelegate.swift in Sources */ = {isa = PBXBuildFile; fileRef = E760B6D5249D7649003BC47E /* SceneDelegate.swift */; };
		E760B6D8249D7649003BC47E /* ViewController.swift in Sources */ = {isa = PBXBuildFile; fileRef = E760B6D7249D7649003BC47E /* ViewController.swift */; };
		E760B6DB249D7649003BC47E /* Main.storyboard in Resources */ = {isa = PBXBuildFile; fileRef = E760B6D9249D7649003BC47E /* Main.storyboard */; };
		E760B6DD249D764A003BC47E /* Assets.xcassets in Resources */ = {isa = PBXBuildFile; fileRef = E760B6DC249D764A003BC47E /* Assets.xcassets */; };
		E760B6E0249D764A003BC47E /* LaunchScreen.storyboard in Resources */ = {isa = PBXBuildFile; fileRef = E760B6DE249D764A003BC47E /* LaunchScreen.storyboard */; };
		E760B6EA249D8C4B003BC47E /* GoogleBooksAPIModel.swift in Sources */ = {isa = PBXBuildFile; fileRef = E760B6E9249D8C4B003BC47E /* GoogleBooksAPIModel.swift */; };
		E760B6EC249FB8EE003BC47E /* RakutenBooksAPIModel.swift in Sources */ = {isa = PBXBuildFile; fileRef = E760B6EB249FB8EE003BC47E /* RakutenBooksAPIModel.swift */; };
		E760B6F024A10317003BC47E /* JacketViewCell.swift in Sources */ = {isa = PBXBuildFile; fileRef = E760B6EF24A10317003BC47E /* JacketViewCell.swift */; };
		E760B6F224A10495003BC47E /* BookCoverModel.swift in Sources */ = {isa = PBXBuildFile; fileRef = E760B6F124A10495003BC47E /* BookCoverModel.swift */; };
		E78900C124A80544006BA1A8 /* BookDetailView.swift in Sources */ = {isa = PBXBuildFile; fileRef = E78900C024A80544006BA1A8 /* BookDetailView.swift */; };
		E78900E924AF846E006BA1A8 /* SearchLibraryViewController.swift in Sources */ = {isa = PBXBuildFile; fileRef = E78900E824AF846E006BA1A8 /* SearchLibraryViewController.swift */; };
		E78900EB24AF8843006BA1A8 /* LibraryDataModel.swift in Sources */ = {isa = PBXBuildFile; fileRef = E78900EA24AF8843006BA1A8 /* LibraryDataModel.swift */; };
/* End PBXBuildFile section */

/* Begin PBXFileReference section */
		E70BC2FC24BD50120084E8FC /* HomeTabbarController.swift */ = {isa = PBXFileReference; lastKnownFileType = sourcecode.swift; path = HomeTabbarController.swift; sourceTree = "<group>"; };
		E760B6D0249D7649003BC47E /* BookCoverViewer.app */ = {isa = PBXFileReference; explicitFileType = wrapper.application; includeInIndex = 0; path = BookCoverViewer.app; sourceTree = BUILT_PRODUCTS_DIR; };
		E760B6D3249D7649003BC47E /* AppDelegate.swift */ = {isa = PBXFileReference; lastKnownFileType = sourcecode.swift; path = AppDelegate.swift; sourceTree = "<group>"; };
		E760B6D5249D7649003BC47E /* SceneDelegate.swift */ = {isa = PBXFileReference; lastKnownFileType = sourcecode.swift; path = SceneDelegate.swift; sourceTree = "<group>"; };
		E760B6D7249D7649003BC47E /* ViewController.swift */ = {isa = PBXFileReference; lastKnownFileType = sourcecode.swift; path = ViewController.swift; sourceTree = "<group>"; };
		E760B6DA249D7649003BC47E /* Base */ = {isa = PBXFileReference; lastKnownFileType = file.storyboard; name = Base; path = Base.lproj/Main.storyboard; sourceTree = "<group>"; };
		E760B6DC249D764A003BC47E /* Assets.xcassets */ = {isa = PBXFileReference; lastKnownFileType = folder.assetcatalog; path = Assets.xcassets; sourceTree = "<group>"; };
		E760B6DF249D764A003BC47E /* Base */ = {isa = PBXFileReference; lastKnownFileType = file.storyboard; name = Base; path = Base.lproj/LaunchScreen.storyboard; sourceTree = "<group>"; };
		E760B6E1249D764A003BC47E /* Info.plist */ = {isa = PBXFileReference; lastKnownFileType = text.plist.xml; path = Info.plist; sourceTree = "<group>"; };
		E760B6E9249D8C4B003BC47E /* GoogleBooksAPIModel.swift */ = {isa = PBXFileReference; lastKnownFileType = sourcecode.swift; path = GoogleBooksAPIModel.swift; sourceTree = "<group>"; };
		E760B6EB249FB8EE003BC47E /* RakutenBooksAPIModel.swift */ = {isa = PBXFileReference; lastKnownFileType = sourcecode.swift; path = RakutenBooksAPIModel.swift; sourceTree = "<group>"; };
		E760B6EF24A10317003BC47E /* JacketViewCell.swift */ = {isa = PBXFileReference; lastKnownFileType = sourcecode.swift; path = JacketViewCell.swift; sourceTree = "<group>"; };
		E760B6F124A10495003BC47E /* BookCoverModel.swift */ = {isa = PBXFileReference; lastKnownFileType = sourcecode.swift; path = BookCoverModel.swift; sourceTree = "<group>"; };
		E78900C024A80544006BA1A8 /* BookDetailView.swift */ = {isa = PBXFileReference; lastKnownFileType = sourcecode.swift; path = BookDetailView.swift; sourceTree = "<group>"; };
		E78900E824AF846E006BA1A8 /* SearchLibraryViewController.swift */ = {isa = PBXFileReference; lastKnownFileType = sourcecode.swift; path = SearchLibraryViewController.swift; sourceTree = "<group>"; };
		E78900EA24AF8843006BA1A8 /* LibraryDataModel.swift */ = {isa = PBXFileReference; lastKnownFileType = sourcecode.swift; path = LibraryDataModel.swift; sourceTree = "<group>"; };
/* End PBXFileReference section */

/* Begin PBXFrameworksBuildPhase section */
		E760B6CD249D7649003BC47E /* Frameworks */ = {
			isa = PBXFrameworksBuildPhase;
			buildActionMask = 2147483647;
			files = (
			);
			runOnlyForDeploymentPostprocessing = 0;
		};
/* End PBXFrameworksBuildPhase section */

/* Begin PBXGroup section */
		E760B6C7249D7649003BC47E = {
			isa = PBXGroup;
			children = (
				E760B6D2249D7649003BC47E /* BookCoverViewer */,
				E760B6D1249D7649003BC47E /* Products */,
			);
			sourceTree = "<group>";
		};
		E760B6D1249D7649003BC47E /* Products */ = {
			isa = PBXGroup;
			children = (
				E760B6D0249D7649003BC47E /* BookCoverViewer.app */,
			);
			name = Products;
			sourceTree = "<group>";
		};
		E760B6D2249D7649003BC47E /* BookCoverViewer */ = {
			isa = PBXGroup;
			children = (
				E760B6D3249D7649003BC47E /* AppDelegate.swift */,
				E760B6D5249D7649003BC47E /* SceneDelegate.swift */,
				E760B6EE24A0D2FC003BC47E /* Controller */,
				E760B6ED24A0D2E9003BC47E /* Model */,
				E760B6D9249D7649003BC47E /* Main.storyboard */,
				E760B6DC249D764A003BC47E /* Assets.xcassets */,
				E760B6DE249D764A003BC47E /* LaunchScreen.storyboard */,
				E760B6E1249D764A003BC47E /* Info.plist */,
				E760B6EF24A10317003BC47E /* JacketViewCell.swift */,
			);
			path = BookCoverViewer;
			sourceTree = "<group>";
		};
		E760B6ED24A0D2E9003BC47E /* Model */ = {
			isa = PBXGroup;
			children = (
				E78900EA24AF8843006BA1A8 /* LibraryDataModel.swift */,
				E760B6F124A10495003BC47E /* BookCoverModel.swift */,
				E760B6EB249FB8EE003BC47E /* RakutenBooksAPIModel.swift */,
				E760B6E9249D8C4B003BC47E /* GoogleBooksAPIModel.swift */,
			);
			path = Model;
			sourceTree = "<group>";
		};
		E760B6EE24A0D2FC003BC47E /* Controller */ = {
			isa = PBXGroup;
			children = (
				E760B6D7249D7649003BC47E /* ViewController.swift */,
				E70BC2FC24BD50120084E8FC /* HomeTabbarController.swift */,
				E78900C024A80544006BA1A8 /* BookDetailView.swift */,
				E78900E824AF846E006BA1A8 /* SearchLibraryViewController.swift */,
			);
			path = Controller;
			sourceTree = "<group>";
		};
/* End PBXGroup section */

/* Begin PBXNativeTarget section */
		E760B6CF249D7649003BC47E /* BookCoverViewer */ = {
			isa = PBXNativeTarget;
			buildConfigurationList = E760B6E4249D764A003BC47E /* Build configuration list for PBXNativeTarget "BookCoverViewer" */;
			buildPhases = (
				E760B6CC249D7649003BC47E /* Sources */,
				E760B6CD249D7649003BC47E /* Frameworks */,
				E760B6CE249D7649003BC47E /* Resources */,
			);
			buildRules = (
			);
			dependencies = (
			);
			name = BookCoverViewer;
			productName = BookCoverViewer;
			productReference = E760B6D0249D7649003BC47E /* BookCoverViewer.app */;
			productType = "com.apple.product-type.application";
		};
/* End PBXNativeTarget section */

/* Begin PBXProject section */
		E760B6C8249D7649003BC47E /* Project object */ = {
			isa = PBXProject;
			attributes = {
				LastSwiftUpdateCheck = 1150;
				LastUpgradeCheck = 1150;
				ORGANIZATIONNAME = "Keisuke Ueda";
				TargetAttributes = {
					E760B6CF249D7649003BC47E = {
						CreatedOnToolsVersion = 11.5;
					};
				};
			};
			buildConfigurationList = E760B6CB249D7649003BC47E /* Build configuration list for PBXProject "BookCoverViewer" */;
			compatibilityVersion = "Xcode 9.3";
			developmentRegion = en;
			hasScannedForEncodings = 0;
			knownRegions = (
				en,
				Base,
			);
			mainGroup = E760B6C7249D7649003BC47E;
			productRefGroup = E760B6D1249D7649003BC47E /* Products */;
			projectDirPath = "";
			projectRoot = "";
			targets = (
				E760B6CF249D7649003BC47E /* BookCoverViewer */,
			);
		};
/* End PBXProject section */

/* Begin PBXResourcesBuildPhase section */
		E760B6CE249D7649003BC47E /* Resources */ = {
			isa = PBXResourcesBuildPhase;
			buildActionMask = 2147483647;
			files = (
				E760B6E0249D764A003BC47E /* LaunchScreen.storyboard in Resources */,
				E760B6DD249D764A003BC47E /* Assets.xcassets in Resources */,
				E760B6DB249D7649003BC47E /* Main.storyboard in Resources */,
			);
			runOnlyForDeploymentPostprocessing = 0;
		};
/* End PBXResourcesBuildPhase section */

/* Begin PBXSourcesBuildPhase section */
		E760B6CC249D7649003BC47E /* Sources */ = {
			isa = PBXSourcesBuildPhase;
			buildActionMask = 2147483647;
			files = (
				E760B6D8249D7649003BC47E /* ViewController.swift in Sources */,
				E78900EB24AF8843006BA1A8 /* LibraryDataModel.swift in Sources */,
				E760B6F224A10495003BC47E /* BookCoverModel.swift in Sources */,
				E760B6D4249D7649003BC47E /* AppDelegate.swift in Sources */,
				E78900C124A80544006BA1A8 /* BookDetailView.swift in Sources */,
				E760B6EA249D8C4B003BC47E /* GoogleBooksAPIModel.swift in Sources */,
				E70BC2FD24BD50120084E8FC /* HomeTabbarController.swift in Sources */,
				E760B6EC249FB8EE003BC47E /* RakutenBooksAPIModel.swift in Sources */,
				E760B6F024A10317003BC47E /* JacketViewCell.swift in Sources */,
				E78900E924AF846E006BA1A8 /* SearchLibraryViewController.swift in Sources */,
				E760B6D6249D7649003BC47E /* SceneDelegate.swift in Sources */,
			);
			runOnlyForDeploymentPostprocessing = 0;
		};
/* End PBXSourcesBuildPhase section */

/* Begin PBXVariantGroup section */
		E760B6D9249D7649003BC47E /* Main.storyboard */ = {
			isa = PBXVariantGroup;
			children = (
				E760B6DA249D7649003BC47E /* Base */,
			);
			name = Main.storyboard;
			sourceTree = "<group>";
		};
		E760B6DE249D764A003BC47E /* LaunchScreen.storyboard */ = {
			isa = PBXVariantGroup;
			children = (
				E760B6DF249D764A003BC47E /* Base */,
			);
			name = LaunchScreen.storyboard;
			sourceTree = "<group>";
		};
/* End PBXVariantGroup section */

/* Begin XCBuildConfiguration section */
		E760B6E2249D764A003BC47E /* Debug */ = {
			isa = XCBuildConfiguration;
			buildSettings = {
				ALWAYS_SEARCH_USER_PATHS = NO;
				CLANG_ANALYZER_NONNULL = YES;
				CLANG_ANALYZER_NUMBER_OBJECT_CONVERSION = YES_AGGRESSIVE;
				CLANG_CXX_LANGUAGE_STANDARD = "gnu++14";
				CLANG_CXX_LIBRARY = "libc++";
				CLANG_ENABLE_MODULES = YES;
				CLANG_ENABLE_OBJC_ARC = YES;
				CLANG_ENABLE_OBJC_WEAK = YES;
				CLANG_WARN_BLOCK_CAPTURE_AUTORELEASING = YES;
				CLANG_WARN_BOOL_CONVERSION = YES;
				CLANG_WARN_COMMA = YES;
				CLANG_WARN_CONSTANT_CONVERSION = YES;
				CLANG_WARN_DEPRECATED_OBJC_IMPLEMENTATIONS = YES;
				CLANG_WARN_DIRECT_OBJC_ISA_USAGE = YES_ERROR;
				CLANG_WARN_DOCUMENTATION_COMMENTS = YES;
				CLANG_WARN_EMPTY_BODY = YES;
				CLANG_WARN_ENUM_CONVERSION = YES;
				CLANG_WARN_INFINITE_RECURSION = YES;
				CLANG_WARN_INT_CONVERSION = YES;
				CLANG_WARN_NON_LITERAL_NULL_CONVERSION = YES;
				CLANG_WARN_OBJC_IMPLICIT_RETAIN_SELF = YES;
				CLANG_WARN_OBJC_LITERAL_CONVERSION = YES;
				CLANG_WARN_OBJC_ROOT_CLASS = YES_ERROR;
				CLANG_WARN_RANGE_LOOP_ANALYSIS = YES;
				CLANG_WARN_STRICT_PROTOTYPES = YES;
				CLANG_WARN_SUSPICIOUS_MOVE = YES;
				CLANG_WARN_UNGUARDED_AVAILABILITY = YES_AGGRESSIVE;
				CLANG_WARN_UNREACHABLE_CODE = YES;
				CLANG_WARN__DUPLICATE_METHOD_MATCH = YES;
				COPY_PHASE_STRIP = NO;
				DEBUG_INFORMATION_FORMAT = dwarf;
				ENABLE_STRICT_OBJC_MSGSEND = YES;
				ENABLE_TESTABILITY = YES;
				GCC_C_LANGUAGE_STANDARD = gnu11;
				GCC_DYNAMIC_NO_PIC = NO;
				GCC_NO_COMMON_BLOCKS = YES;
				GCC_OPTIMIZATION_LEVEL = 0;
				GCC_PREPROCESSOR_DEFINITIONS = (
					"DEBUG=1",
					"$(inherited)",
				);
				GCC_WARN_64_TO_32_BIT_CONVERSION = YES;
				GCC_WARN_ABOUT_RETURN_TYPE = YES_ERROR;
				GCC_WARN_UNDECLARED_SELECTOR = YES;
				GCC_WARN_UNINITIALIZED_AUTOS = YES_AGGRESSIVE;
				GCC_WARN_UNUSED_FUNCTION = YES;
				GCC_WARN_UNUSED_VARIABLE = YES;
				IPHONEOS_DEPLOYMENT_TARGET = 13.5;
				MTL_ENABLE_DEBUG_INFO = INCLUDE_SOURCE;
				MTL_FAST_MATH = YES;
				ONLY_ACTIVE_ARCH = YES;
				SDKROOT = iphoneos;
				SWIFT_ACTIVE_COMPILATION_CONDITIONS = DEBUG;
				SWIFT_OPTIMIZATION_LEVEL = "-Onone";
			};
			name = Debug;
		};
		E760B6E3249D764A003BC47E /* Release */ = {
			isa = XCBuildConfiguration;
			buildSettings = {
				ALWAYS_SEARCH_USER_PATHS = NO;
				CLANG_ANALYZER_NONNULL = YES;
				CLANG_ANALYZER_NUMBER_OBJECT_CONVERSION = YES_AGGRESSIVE;
				CLANG_CXX_LANGUAGE_STANDARD = "gnu++14";
				CLANG_CXX_LIBRARY = "libc++";
				CLANG_ENABLE_MODULES = YES;
				CLANG_ENABLE_OBJC_ARC = YES;
				CLANG_ENABLE_OBJC_WEAK = YES;
				CLANG_WARN_BLOCK_CAPTURE_AUTORELEASING = YES;
				CLANG_WARN_BOOL_CONVERSION = YES;
				CLANG_WARN_COMMA = YES;
				CLANG_WARN_CONSTANT_CONVERSION = YES;
				CLANG_WARN_DEPRECATED_OBJC_IMPLEMENTATIONS = YES;
				CLANG_WARN_DIRECT_OBJC_ISA_USAGE = YES_ERROR;
				CLANG_WARN_DOCUMENTATION_COMMENTS = YES;
				CLANG_WARN_EMPTY_BODY = YES;
				CLANG_WARN_ENUM_CONVERSION = YES;
				CLANG_WARN_INFINITE_RECURSION = YES;
				CLANG_WARN_INT_CONVERSION = YES;
				CLANG_WARN_NON_LITERAL_NULL_CONVERSION = YES;
				CLANG_WARN_OBJC_IMPLICIT_RETAIN_SELF = YES;
				CLANG_WARN_OBJC_LITERAL_CONVERSION = YES;
				CLANG_WARN_OBJC_ROOT_CLASS = YES_ERROR;
				CLANG_WARN_RANGE_LOOP_ANALYSIS = YES;
				CLANG_WARN_STRICT_PROTOTYPES = YES;
				CLANG_WARN_SUSPICIOUS_MOVE = YES;
				CLANG_WARN_UNGUARDED_AVAILABILITY = YES_AGGRESSIVE;
				CLANG_WARN_UNREACHABLE_CODE = YES;
				CLANG_WARN__DUPLICATE_METHOD_MATCH = YES;
				COPY_PHASE_STRIP = NO;
				DEBUG_INFORMATION_FORMAT = "dwarf-with-dsym";
				ENABLE_NS_ASSERTIONS = NO;
				ENABLE_STRICT_OBJC_MSGSEND = YES;
				GCC_C_LANGUAGE_STANDARD = gnu11;
				GCC_NO_COMMON_BLOCKS = YES;
				GCC_WARN_64_TO_32_BIT_CONVERSION = YES;
				GCC_WARN_ABOUT_RETURN_TYPE = YES_ERROR;
				GCC_WARN_UNDECLARED_SELECTOR = YES;
				GCC_WARN_UNINITIALIZED_AUTOS = YES_AGGRESSIVE;
				GCC_WARN_UNUSED_FUNCTION = YES;
				GCC_WARN_UNUSED_VARIABLE = YES;
				IPHONEOS_DEPLOYMENT_TARGET = 13.5;
				MTL_ENABLE_DEBUG_INFO = NO;
				MTL_FAST_MATH = YES;
				SDKROOT = iphoneos;
				SWIFT_COMPILATION_MODE = wholemodule;
				SWIFT_OPTIMIZATION_LEVEL = "-O";
				VALIDATE_PRODUCT = YES;
			};
			name = Release;
		};
		E760B6E5249D764A003BC47E /* Debug */ = {
			isa = XCBuildConfiguration;
			buildSettings = {
				ASSETCATALOG_COMPILER_APPICON_NAME = AppIcon;
				CODE_SIGN_STYLE = Automatic;
				DEVELOPMENT_TEAM = D2B3JPR4TJ;
				INFOPLIST_FILE = BookCoverViewer/Info.plist;
				LD_RUNPATH_SEARCH_PATHS = (
					"$(inherited)",
					"@executable_path/Frameworks",
				);
				PRODUCT_BUNDLE_IDENTIFIER = jp.kei.BookCoverViewer;
				PRODUCT_NAME = "$(TARGET_NAME)";
				SWIFT_VERSION = 5.0;
				TARGETED_DEVICE_FAMILY = "1,2";
			};
			name = Debug;
		};
		E760B6E6249D764A003BC47E /* Release */ = {
			isa = XCBuildConfiguration;
			buildSettings = {
				ASSETCATALOG_COMPILER_APPICON_NAME = AppIcon;
				CODE_SIGN_STYLE = Automatic;
				DEVELOPMENT_TEAM = D2B3JPR4TJ;
				INFOPLIST_FILE = BookCoverViewer/Info.plist;
				LD_RUNPATH_SEARCH_PATHS = (
					"$(inherited)",
					"@executable_path/Frameworks",
				);
				PRODUCT_BUNDLE_IDENTIFIER = jp.kei.BookCoverViewer;
				PRODUCT_NAME = "$(TARGET_NAME)";
				SWIFT_VERSION = 5.0;
				TARGETED_DEVICE_FAMILY = "1,2";
			};
			name = Release;
		};
/* End XCBuildConfiguration section */

/* Begin XCConfigurationList section */
		E760B6CB249D7649003BC47E /* Build configuration list for PBXProject "BookCoverViewer" */ = {
			isa = XCConfigurationList;
			buildConfigurations = (
				E760B6E2249D764A003BC47E /* Debug */,
				E760B6E3249D764A003BC47E /* Release */,
			);
			defaultConfigurationIsVisible = 0;
			defaultConfigurationName = Release;
		};
		E760B6E4249D764A003BC47E /* Build configuration list for PBXNativeTarget "BookCoverViewer" */ = {
			isa = XCConfigurationList;
			buildConfigurations = (
				E760B6E5249D764A003BC47E /* Debug */,
				E760B6E6249D764A003BC47E /* Release */,
			);
			defaultConfigurationIsVisible = 0;
			defaultConfigurationName = Release;
		};
/* End XCConfigurationList section */
	};
	rootObject = E760B6C8249D7649003BC47E /* Project object */;
}
